// !$*UTF8*$!
{
	archiveVersion = 1;
	classes = {
	};
	objectVersion = 50;
	objects = {

/* Begin PBXBuildFile section */
		17F51DC523B9A137000517AE /* AppDelegate.swift in Sources */ = {isa = PBXBuildFile; fileRef = 17F51DC423B9A137000517AE /* AppDelegate.swift */; };
		17F51DC723B9A137000517AE /* SceneDelegate.swift in Sources */ = {isa = PBXBuildFile; fileRef = 17F51DC623B9A137000517AE /* SceneDelegate.swift */; };
		17F51DC923B9A137000517AE /* ViewController.swift in Sources */ = {isa = PBXBuildFile; fileRef = 17F51DC823B9A137000517AE /* ViewController.swift */; };
		17F51DCE23B9A139000517AE /* Assets.xcassets in Resources */ = {isa = PBXBuildFile; fileRef = 17F51DCD23B9A139000517AE /* Assets.xcassets */; };
		17F51DD123B9A139000517AE /* LaunchScreen.storyboard in Resources */ = {isa = PBXBuildFile; fileRef = 17F51DCF23B9A139000517AE /* LaunchScreen.storyboard */; };
		17F51DDC23B9A139000517AE /* MVPTests.swift in Sources */ = {isa = PBXBuildFile; fileRef = 17F51DDB23B9A139000517AE /* MVPTests.swift */; };
		17F51DE723B9A139000517AE /* MVPUITests.swift in Sources */ = {isa = PBXBuildFile; fileRef = 17F51DE623B9A139000517AE /* MVPUITests.swift */; };
		17F51DF523B9A1CB000517AE /* Presenter.swift in Sources */ = {isa = PBXBuildFile; fileRef = 17F51DF423B9A1CB000517AE /* Presenter.swift */; };
		17F51DF723B9A1DB000517AE /* Model.swift in Sources */ = {isa = PBXBuildFile; fileRef = 17F51DF623B9A1DB000517AE /* Model.swift */; };
/* End PBXBuildFile section */

/* Begin PBXContainerItemProxy section */
		17F51DD823B9A139000517AE /* PBXContainerItemProxy */ = {
			isa = PBXContainerItemProxy;
			containerPortal = 17F51DB923B9A137000517AE /* Project object */;
			proxyType = 1;
			remoteGlobalIDString = 17F51DC023B9A137000517AE;
			remoteInfo = MVP;
		};
		17F51DE323B9A139000517AE /* PBXContainerItemProxy */ = {
			isa = PBXContainerItemProxy;
			containerPortal = 17F51DB923B9A137000517AE /* Project object */;
			proxyType = 1;
			remoteGlobalIDString = 17F51DC023B9A137000517AE;
			remoteInfo = MVP;
		};
/* End PBXContainerItemProxy section */

/* Begin PBXFileReference section */
		17F51DC123B9A137000517AE /* MVP.app */ = {isa = PBXFileReference; explicitFileType = wrapper.application; includeInIndex = 0; path = MVP.app; sourceTree = BUILT_PRODUCTS_DIR; };
		17F51DC423B9A137000517AE /* AppDelegate.swift */ = {isa = PBXFileReference; lastKnownFileType = sourcecode.swift; path = AppDelegate.swift; sourceTree = "<group>"; };
		17F51DC623B9A137000517AE /* SceneDelegate.swift */ = {isa = PBXFileReference; lastKnownFileType = sourcecode.swift; path = SceneDelegate.swift; sourceTree = "<group>"; };
		17F51DC823B9A137000517AE /* ViewController.swift */ = {isa = PBXFileReference; lastKnownFileType = sourcecode.swift; path = ViewController.swift; sourceTree = "<group>"; };
		17F51DCD23B9A139000517AE /* Assets.xcassets */ = {isa = PBXFileReference; lastKnownFileType = folder.assetcatalog; path = Assets.xcassets; sourceTree = "<group>"; };
		17F51DD023B9A139000517AE /* Base */ = {isa = PBXFileReference; lastKnownFileType = file.storyboard; name = Base; path = Base.lproj/LaunchScreen.storyboard; sourceTree = "<group>"; };
		17F51DD223B9A139000517AE /* Info.plist */ = {isa = PBXFileReference; lastKnownFileType = text.plist.xml; path = Info.plist; sourceTree = "<group>"; };
		17F51DD723B9A139000517AE /* MVPTests.xctest */ = {isa = PBXFileReference; explicitFileType = wrapper.cfbundle; includeInIndex = 0; path = MVPTests.xctest; sourceTree = BUILT_PRODUCTS_DIR; };
		17F51DDB23B9A139000517AE /* MVPTests.swift */ = {isa = PBXFileReference; lastKnownFileType = sourcecode.swift; path = MVPTests.swift; sourceTree = "<group>"; };
		17F51DDD23B9A139000517AE /* Info.plist */ = {isa = PBXFileReference; lastKnownFileType = text.plist.xml; path = Info.plist; sourceTree = "<group>"; };
		17F51DE223B9A139000517AE /* MVPUITests.xctest */ = {isa = PBXFileReference; explicitFileType = wrapper.cfbundle; includeInIndex = 0; path = MVPUITests.xctest; sourceTree = BUILT_PRODUCTS_DIR; };
		17F51DE623B9A139000517AE /* MVPUITests.swift */ = {isa = PBXFileReference; lastKnownFileType = sourcecode.swift; path = MVPUITests.swift; sourceTree = "<group>"; };
		17F51DE823B9A139000517AE /* Info.plist */ = {isa = PBXFileReference; lastKnownFileType = text.plist.xml; path = Info.plist; sourceTree = "<group>"; };
		17F51DF423B9A1CB000517AE /* Presenter.swift */ = {isa = PBXFileReference; lastKnownFileType = sourcecode.swift; path = Presenter.swift; sourceTree = "<group>"; };
		17F51DF623B9A1DB000517AE /* Model.swift */ = {isa = PBXFileReference; lastKnownFileType = sourcecode.swift; path = Model.swift; sourceTree = "<group>"; };
/* End PBXFileReference section */

/* Begin PBXFrameworksBuildPhase section */
		17F51DBE23B9A137000517AE /* Frameworks */ = {
			isa = PBXFrameworksBuildPhase;
			buildActionMask = 2147483647;
			files = (
			);
			runOnlyForDeploymentPostprocessing = 0;
		};
		17F51DD423B9A139000517AE /* Frameworks */ = {
			isa = PBXFrameworksBuildPhase;
			buildActionMask = 2147483647;
			files = (
			);
			runOnlyForDeploymentPostprocessing = 0;
		};
		17F51DDF23B9A139000517AE /* Frameworks */ = {
			isa = PBXFrameworksBuildPhase;
			buildActionMask = 2147483647;
			files = (
			);
			runOnlyForDeploymentPostprocessing = 0;
		};
/* End PBXFrameworksBuildPhase section */

/* Begin PBXGroup section */
		17F51DB823B9A137000517AE = {
			isa = PBXGroup;
			children = (
				17F51DC323B9A137000517AE /* MVP */,
				17F51DDA23B9A139000517AE /* MVPTests */,
				17F51DE523B9A139000517AE /* MVPUITests */,
				17F51DC223B9A137000517AE /* Products */,
			);
			sourceTree = "<group>";
		};
		17F51DC223B9A137000517AE /* Products */ = {
			isa = PBXGroup;
			children = (
				17F51DC123B9A137000517AE /* MVP.app */,
				17F51DD723B9A139000517AE /* MVPTests.xctest */,
				17F51DE223B9A139000517AE /* MVPUITests.xctest */,
			);
			name = Products;
			sourceTree = "<group>";
		};
		17F51DC323B9A137000517AE /* MVP */ = {
			isa = PBXGroup;
			children = (
				17F51DC423B9A137000517AE /* AppDelegate.swift */,
				17F51DC623B9A137000517AE /* SceneDelegate.swift */,
				17F51DF623B9A1DB000517AE /* Model.swift */,
				17F51DC823B9A137000517AE /* ViewController.swift */,
				17F51DF423B9A1CB000517AE /* Presenter.swift */,
				17F51DCD23B9A139000517AE /* Assets.xcassets */,
				17F51DCF23B9A139000517AE /* LaunchScreen.storyboard */,
				17F51DD223B9A139000517AE /* Info.plist */,
			);
			path = MVP;
			sourceTree = "<group>";
		};
		17F51DDA23B9A139000517AE /* MVPTests */ = {
			isa = PBXGroup;
			children = (
				17F51DDB23B9A139000517AE /* MVPTests.swift */,
				17F51DDD23B9A139000517AE /* Info.plist */,
			);
			path = MVPTests;
			sourceTree = "<group>";
		};
		17F51DE523B9A139000517AE /* MVPUITests */ = {
			isa = PBXGroup;
			children = (
				17F51DE623B9A139000517AE /* MVPUITests.swift */,
				17F51DE823B9A139000517AE /* Info.plist */,
			);
			path = MVPUITests;
			sourceTree = "<group>";
		};
/* End PBXGroup section */

/* Begin PBXNativeTarget section */
		17F51DC023B9A137000517AE /* MVP */ = {
			isa = PBXNativeTarget;
			buildConfigurationList = 17F51DEB23B9A139000517AE /* Build configuration list for PBXNativeTarget "MVP" */;
			buildPhases = (
				17F51DBD23B9A137000517AE /* Sources */,
				17F51DBE23B9A137000517AE /* Frameworks */,
				17F51DBF23B9A137000517AE /* Resources */,
			);
			buildRules = (
			);
			dependencies = (
			);
			name = MVP;
			productName = MVP;
			productReference = 17F51DC123B9A137000517AE /* MVP.app */;
			productType = "com.apple.product-type.application";
		};
		17F51DD623B9A139000517AE /* MVPTests */ = {
			isa = PBXNativeTarget;
			buildConfigurationList = 17F51DEE23B9A139000517AE /* Build configuration list for PBXNativeTarget "MVPTests" */;
			buildPhases = (
				17F51DD323B9A139000517AE /* Sources */,
				17F51DD423B9A139000517AE /* Frameworks */,
				17F51DD523B9A139000517AE /* Resources */,
			);
			buildRules = (
			);
			dependencies = (
				17F51DD923B9A139000517AE /* PBXTargetDependency */,
			);
			name = MVPTests;
			productName = MVPTests;
			productReference = 17F51DD723B9A139000517AE /* MVPTests.xctest */;
			productType = "com.apple.product-type.bundle.unit-test";
		};
		17F51DE123B9A139000517AE /* MVPUITests */ = {
			isa = PBXNativeTarget;
			buildConfigurationList = 17F51DF123B9A139000517AE /* Build configuration list for PBXNativeTarget "MVPUITests" */;
			buildPhases = (
				17F51DDE23B9A139000517AE /* Sources */,
				17F51DDF23B9A139000517AE /* Frameworks */,
				17F51DE023B9A139000517AE /* Resources */,
			);
			buildRules = (
			);
			dependencies = (
				17F51DE423B9A139000517AE /* PBXTargetDependency */,
			);
			name = MVPUITests;
			productName = MVPUITests;
			productReference = 17F51DE223B9A139000517AE /* MVPUITests.xctest */;
			productType = "com.apple.product-type.bundle.ui-testing";
		};
/* End PBXNativeTarget section */

/* Begin PBXProject section */
		17F51DB923B9A137000517AE /* Project object */ = {
			isa = PBXProject;
			attributes = {
				LastSwiftUpdateCheck = 1130;
				LastUpgradeCheck = 1130;
				ORGANIZATIONNAME = "小野 純平";
				TargetAttributes = {
					17F51DC023B9A137000517AE = {
						CreatedOnToolsVersion = 11.3;
					};
					17F51DD623B9A139000517AE = {
						CreatedOnToolsVersion = 11.3;
						TestTargetID = 17F51DC023B9A137000517AE;
					};
					17F51DE123B9A139000517AE = {
						CreatedOnToolsVersion = 11.3;
						TestTargetID = 17F51DC023B9A137000517AE;
					};
				};
			};
			buildConfigurationList = 17F51DBC23B9A137000517AE /* Build configuration list for PBXProject "MVP" */;
			compatibilityVersion = "Xcode 9.3";
			developmentRegion = en;
			hasScannedForEncodings = 0;
			knownRegions = (
				en,
				Base,
			);
			mainGroup = 17F51DB823B9A137000517AE;
			productRefGroup = 17F51DC223B9A137000517AE /* Products */;
			projectDirPath = "";
			projectRoot = "";
			targets = (
				17F51DC023B9A137000517AE /* MVP */,
				17F51DD623B9A139000517AE /* MVPTests */,
				17F51DE123B9A139000517AE /* MVPUITests */,
			);
		};
/* End PBXProject section */

/* Begin PBXResourcesBuildPhase section */
		17F51DBF23B9A137000517AE /* Resources */ = {
			isa = PBXResourcesBuildPhase;
			buildActionMask = 2147483647;
			files = (
				17F51DD123B9A139000517AE /* LaunchScreen.storyboard in Resources */,
				17F51DCE23B9A139000517AE /* Assets.xcassets in Resources */,
			);
			runOnlyForDeploymentPostprocessing = 0;
		};
		17F51DD523B9A139000517AE /* Resources */ = {
			isa = PBXResourcesBuildPhase;
			buildActionMask = 2147483647;
			files = (
			);
			runOnlyForDeploymentPostprocessing = 0;
		};
		17F51DE023B9A139000517AE /* Resources */ = {
			isa = PBXResourcesBuildPhase;
			buildActionMask = 2147483647;
			files = (
			);
			runOnlyForDeploymentPostprocessing = 0;
		};
/* End PBXResourcesBuildPhase section */

/* Begin PBXSourcesBuildPhase section */
		17F51DBD23B9A137000517AE /* Sources */ = {
			isa = PBXSourcesBuildPhase;
			buildActionMask = 2147483647;
			files = (
				17F51DF723B9A1DB000517AE /* Model.swift in Sources */,
				17F51DC923B9A137000517AE /* ViewController.swift in Sources */,
				17F51DC523B9A137000517AE /* AppDelegate.swift in Sources */,
				17F51DF523B9A1CB000517AE /* Presenter.swift in Sources */,
				17F51DC723B9A137000517AE /* SceneDelegate.swift in Sources */,
			);
			runOnlyForDeploymentPostprocessing = 0;
		};
		17F51DD323B9A139000517AE /* Sources */ = {
			isa = PBXSourcesBuildPhase;
			buildActionMask = 2147483647;
			files = (
				17F51DDC23B9A139000517AE /* MVPTests.swift in Sources */,
			);
			runOnlyForDeploymentPostprocessing = 0;
		};
		17F51DDE23B9A139000517AE /* Sources */ = {
			isa = PBXSourcesBuildPhase;
			buildActionMask = 2147483647;
			files = (
				17F51DE723B9A139000517AE /* MVPUITests.swift in Sources */,
			);
			runOnlyForDeploymentPostprocessing = 0;
		};
/* End PBXSourcesBuildPhase section */

/* Begin PBXTargetDependency section */
		17F51DD923B9A139000517AE /* PBXTargetDependency */ = {
			isa = PBXTargetDependency;
			target = 17F51DC023B9A137000517AE /* MVP */;
			targetProxy = 17F51DD823B9A139000517AE /* PBXContainerItemProxy */;
		};
		17F51DE423B9A139000517AE /* PBXTargetDependency */ = {
			isa = PBXTargetDependency;
			target = 17F51DC023B9A137000517AE /* MVP */;
			targetProxy = 17F51DE323B9A139000517AE /* PBXContainerItemProxy */;
		};
/* End PBXTargetDependency section */

/* Begin PBXVariantGroup section */
		17F51DCF23B9A139000517AE /* LaunchScreen.storyboard */ = {
			isa = PBXVariantGroup;
			children = (
				17F51DD023B9A139000517AE /* Base */,
			);
			name = LaunchScreen.storyboard;
			sourceTree = "<group>";
		};
/* End PBXVariantGroup section */

/* Begin XCBuildConfiguration section */
		17F51DE923B9A139000517AE /* Debug */ = {
			isa = XCBuildConfiguration;
			buildSettings = {
				ALWAYS_SEARCH_USER_PATHS = NO;
				CLANG_ANALYZER_NONNULL = YES;
				CLANG_ANALYZER_NUMBER_OBJECT_CONVERSION = YES_AGGRESSIVE;
				CLANG_CXX_LANGUAGE_STANDARD = "gnu++14";
				CLANG_CXX_LIBRARY = "libc++";
				CLANG_ENABLE_MODULES = YES;
				CLANG_ENABLE_OBJC_ARC = YES;
				CLANG_ENABLE_OBJC_WEAK = YES;
				CLANG_WARN_BLOCK_CAPTURE_AUTORELEASING = YES;
				CLANG_WARN_BOOL_CONVERSION = YES;
				CLANG_WARN_COMMA = YES;
				CLANG_WARN_CONSTANT_CONVERSION = YES;
				CLANG_WARN_DEPRECATED_OBJC_IMPLEMENTATIONS = YES;
				CLANG_WARN_DIRECT_OBJC_ISA_USAGE = YES_ERROR;
				CLANG_WARN_DOCUMENTATION_COMMENTS = YES;
				CLANG_WARN_EMPTY_BODY = YES;
				CLANG_WARN_ENUM_CONVERSION = YES;
				CLANG_WARN_INFINITE_RECURSION = YES;
				CLANG_WARN_INT_CONVERSION = YES;
				CLANG_WARN_NON_LITERAL_NULL_CONVERSION = YES;
				CLANG_WARN_OBJC_IMPLICIT_RETAIN_SELF = YES;
				CLANG_WARN_OBJC_LITERAL_CONVERSION = YES;
				CLANG_WARN_OBJC_ROOT_CLASS = YES_ERROR;
				CLANG_WARN_RANGE_LOOP_ANALYSIS = YES;
				CLANG_WARN_STRICT_PROTOTYPES = YES;
				CLANG_WARN_SUSPICIOUS_MOVE = YES;
				CLANG_WARN_UNGUARDED_AVAILABILITY = YES_AGGRESSIVE;
				CLANG_WARN_UNREACHABLE_CODE = YES;
				CLANG_WARN__DUPLICATE_METHOD_MATCH = YES;
				COPY_PHASE_STRIP = NO;
				DEBUG_INFORMATION_FORMAT = dwarf;
				ENABLE_STRICT_OBJC_MSGSEND = YES;
				ENABLE_TESTABILITY = YES;
				GCC_C_LANGUAGE_STANDARD = gnu11;
				GCC_DYNAMIC_NO_PIC = NO;
				GCC_NO_COMMON_BLOCKS = YES;
				GCC_OPTIMIZATION_LEVEL = 0;
				GCC_PREPROCESSOR_DEFINITIONS = (
					"DEBUG=1",
					"$(inherited)",
				);
				GCC_WARN_64_TO_32_BIT_CONVERSION = YES;
				GCC_WARN_ABOUT_RETURN_TYPE = YES_ERROR;
				GCC_WARN_UNDECLARED_SELECTOR = YES;
				GCC_WARN_UNINITIALIZED_AUTOS = YES_AGGRESSIVE;
				GCC_WARN_UNUSED_FUNCTION = YES;
				GCC_WARN_UNUSED_VARIABLE = YES;
				IPHONEOS_DEPLOYMENT_TARGET = 13.2;
				MTL_ENABLE_DEBUG_INFO = INCLUDE_SOURCE;
				MTL_FAST_MATH = YES;
				ONLY_ACTIVE_ARCH = YES;
				SDKROOT = iphoneos;
				SWIFT_ACTIVE_COMPILATION_CONDITIONS = DEBUG;
				SWIFT_OPTIMIZATION_LEVEL = "-Onone";
			};
			name = Debug;
		};
		17F51DEA23B9A139000517AE /* Release */ = {
			isa = XCBuildConfiguration;
			buildSettings = {
				ALWAYS_SEARCH_USER_PATHS = NO;
				CLANG_ANALYZER_NONNULL = YES;
				CLANG_ANALYZER_NUMBER_OBJECT_CONVERSION = YES_AGGRESSIVE;
				CLANG_CXX_LANGUAGE_STANDARD = "gnu++14";
				CLANG_CXX_LIBRARY = "libc++";
				CLANG_ENABLE_MODULES = YES;
				CLANG_ENABLE_OBJC_ARC = YES;
				CLANG_ENABLE_OBJC_WEAK = YES;
				CLANG_WARN_BLOCK_CAPTURE_AUTORELEASING = YES;
				CLANG_WARN_BOOL_CONVERSION = YES;
				CLANG_WARN_COMMA = YES;
				CLANG_WARN_CONSTANT_CONVERSION = YES;
				CLANG_WARN_DEPRECATED_OBJC_IMPLEMENTATIONS = YES;
				CLANG_WARN_DIRECT_OBJC_ISA_USAGE = YES_ERROR;
				CLANG_WARN_DOCUMENTATION_COMMENTS = YES;
				CLANG_WARN_EMPTY_BODY = YES;
				CLANG_WARN_ENUM_CONVERSION = YES;
				CLANG_WARN_INFINITE_RECURSION = YES;
				CLANG_WARN_INT_CONVERSION = YES;
				CLANG_WARN_NON_LITERAL_NULL_CONVERSION = YES;
				CLANG_WARN_OBJC_IMPLICIT_RETAIN_SELF = YES;
				CLANG_WARN_OBJC_LITERAL_CONVERSION = YES;
				CLANG_WARN_OBJC_ROOT_CLASS = YES_ERROR;
				CLANG_WARN_RANGE_LOOP_ANALYSIS = YES;
				CLANG_WARN_STRICT_PROTOTYPES = YES;
				CLANG_WARN_SUSPICIOUS_MOVE = YES;
				CLANG_WARN_UNGUARDED_AVAILABILITY = YES_AGGRESSIVE;
				CLANG_WARN_UNREACHABLE_CODE = YES;
				CLANG_WARN__DUPLICATE_METHOD_MATCH = YES;
				COPY_PHASE_STRIP = NO;
				DEBUG_INFORMATION_FORMAT = "dwarf-with-dsym";
				ENABLE_NS_ASSERTIONS = NO;
				ENABLE_STRICT_OBJC_MSGSEND = YES;
				GCC_C_LANGUAGE_STANDARD = gnu11;
				GCC_NO_COMMON_BLOCKS = YES;
				GCC_WARN_64_TO_32_BIT_CONVERSION = YES;
				GCC_WARN_ABOUT_RETURN_TYPE = YES_ERROR;
				GCC_WARN_UNDECLARED_SELECTOR = YES;
				GCC_WARN_UNINITIALIZED_AUTOS = YES_AGGRESSIVE;
				GCC_WARN_UNUSED_FUNCTION = YES;
				GCC_WARN_UNUSED_VARIABLE = YES;
				IPHONEOS_DEPLOYMENT_TARGET = 13.2;
				MTL_ENABLE_DEBUG_INFO = NO;
				MTL_FAST_MATH = YES;
				SDKROOT = iphoneos;
				SWIFT_COMPILATION_MODE = wholemodule;
				SWIFT_OPTIMIZATION_LEVEL = "-O";
				VALIDATE_PRODUCT = YES;
			};
			name = Release;
		};
		17F51DEC23B9A139000517AE /* Debug */ = {
			isa = XCBuildConfiguration;
			buildSettings = {
				ASSETCATALOG_COMPILER_APPICON_NAME = AppIcon;
				CODE_SIGN_STYLE = Automatic;
				INFOPLIST_FILE = MVP/Info.plist;
				LD_RUNPATH_SEARCH_PATHS = (
					"$(inherited)",
					"@executable_path/Frameworks",
				);
				PRODUCT_BUNDLE_IDENTIFIER = com.swiswiswift.MVP;
				PRODUCT_NAME = "$(TARGET_NAME)";
				SWIFT_VERSION = 5.0;
				TARGETED_DEVICE_FAMILY = "1,2";
			};
			name = Debug;
		};
		17F51DED23B9A139000517AE /* Release */ = {
			isa = XCBuildConfiguration;
			buildSettings = {
				ASSETCATALOG_COMPILER_APPICON_NAME = AppIcon;
				CODE_SIGN_STYLE = Automatic;
				INFOPLIST_FILE = MVP/Info.plist;
				LD_RUNPATH_SEARCH_PATHS = (
					"$(inherited)",
					"@executable_path/Frameworks",
				);
				PRODUCT_BUNDLE_IDENTIFIER = com.swiswiswift.MVP;
				PRODUCT_NAME = "$(TARGET_NAME)";
				SWIFT_VERSION = 5.0;
				TARGETED_DEVICE_FAMILY = "1,2";
			};
			name = Release;
		};
		17F51DEF23B9A139000517AE /* Debug */ = {
			isa = XCBuildConfiguration;
			buildSettings = {
				ALWAYS_EMBED_SWIFT_STANDARD_LIBRARIES = YES;
				BUNDLE_LOADER = "$(TEST_HOST)";
				CODE_SIGN_STYLE = Automatic;
				INFOPLIST_FILE = MVPTests/Info.plist;
				IPHONEOS_DEPLOYMENT_TARGET = 13.2;
				LD_RUNPATH_SEARCH_PATHS = (
					"$(inherited)",
					"@executable_path/Frameworks",
					"@loader_path/Frameworks",
				);
				PRODUCT_BUNDLE_IDENTIFIER = com.swiswiswift.MVPTests;
				PRODUCT_NAME = "$(TARGET_NAME)";
				SWIFT_VERSION = 5.0;
				TARGETED_DEVICE_FAMILY = "1,2";
				TEST_HOST = "$(BUILT_PRODUCTS_DIR)/MVP.app/MVP";
			};
			name = Debug;
		};
		17F51DF023B9A139000517AE /* Release */ = {
			isa = XCBuildConfiguration;
			buildSettings = {
				ALWAYS_EMBED_SWIFT_STANDARD_LIBRARIES = YES;
				BUNDLE_LOADER = "$(TEST_HOST)";
				CODE_SIGN_STYLE = Automatic;
				INFOPLIST_FILE = MVPTests/Info.plist;
				IPHONEOS_DEPLOYMENT_TARGET = 13.2;
				LD_RUNPATH_SEARCH_PATHS = (
					"$(inherited)",
					"@executable_path/Frameworks",
					"@loader_path/Frameworks",
				);
				PRODUCT_BUNDLE_IDENTIFIER = com.swiswiswift.MVPTests;
				PRODUCT_NAME = "$(TARGET_NAME)";
				SWIFT_VERSION = 5.0;
				TARGETED_DEVICE_FAMILY = "1,2";
				TEST_HOST = "$(BUILT_PRODUCTS_DIR)/MVP.app/MVP";
			};
			name = Release;
		};
		17F51DF223B9A139000517AE /* Debug */ = {
			isa = XCBuildConfiguration;
			buildSettings = {
				ALWAYS_EMBED_SWIFT_STANDARD_LIBRARIES = YES;
				CODE_SIGN_STYLE = Automatic;
				INFOPLIST_FILE = MVPUITests/Info.plist;
				LD_RUNPATH_SEARCH_PATHS = (
					"$(inherited)",
					"@executable_path/Frameworks",
					"@loader_path/Frameworks",
				);
				PRODUCT_BUNDLE_IDENTIFIER = com.swiswiswift.MVPUITests;
				PRODUCT_NAME = "$(TARGET_NAME)";
				SWIFT_VERSION = 5.0;
				TARGETED_DEVICE_FAMILY = "1,2";
				TEST_TARGET_NAME = MVP;
			};
			name = Debug;
		};
		17F51DF323B9A139000517AE /* Release */ = {
			isa = XCBuildConfiguration;
			buildSettings = {
				ALWAYS_EMBED_SWIFT_STANDARD_LIBRARIES = YES;
				CODE_SIGN_STYLE = Automatic;
				INFOPLIST_FILE = MVPUITests/Info.plist;
				LD_RUNPATH_SEARCH_PATHS = (
					"$(inherited)",
					"@executable_path/Frameworks",
					"@loader_path/Frameworks",
				);
				PRODUCT_BUNDLE_IDENTIFIER = com.swiswiswift.MVPUITests;
				PRODUCT_NAME = "$(TARGET_NAME)";
				SWIFT_VERSION = 5.0;
				TARGETED_DEVICE_FAMILY = "1,2";
				TEST_TARGET_NAME = MVP;
			};
			name = Release;
		};
/* End XCBuildConfiguration section */

/* Begin XCConfigurationList section */
		17F51DBC23B9A137000517AE /* Build configuration list for PBXProject "MVP" */ = {
			isa = XCConfigurationList;
			buildConfigurations = (
				17F51DE923B9A139000517AE /* Debug */,
				17F51DEA23B9A139000517AE /* Release */,
			);
			defaultConfigurationIsVisible = 0;
			defaultConfigurationName = Release;
		};
		17F51DEB23B9A139000517AE /* Build configuration list for PBXNativeTarget "MVP" */ = {
			isa = XCConfigurationList;
			buildConfigurations = (
				17F51DEC23B9A139000517AE /* Debug */,
				17F51DED23B9A139000517AE /* Release */,
			);
			defaultConfigurationIsVisible = 0;
			defaultConfigurationName = Release;
		};
		17F51DEE23B9A139000517AE /* Build configuration list for PBXNativeTarget "MVPTests" */ = {
			isa = XCConfigurationList;
			buildConfigurations = (
				17F51DEF23B9A139000517AE /* Debug */,
				17F51DF023B9A139000517AE /* Release */,
			);
			defaultConfigurationIsVisible = 0;
			defaultConfigurationName = Release;
		};
		17F51DF123B9A139000517AE /* Build configuration list for PBXNativeTarget "MVPUITests" */ = {
			isa = XCConfigurationList;
			buildConfigurations = (
				17F51DF223B9A139000517AE /* Debug */,
				17F51DF323B9A139000517AE /* Release */,
			);
			defaultConfigurationIsVisible = 0;
			defaultConfigurationName = Release;
		};
/* End XCConfigurationList section */
	};
	rootObject = 17F51DB923B9A137000517AE /* Project object */;
}
